{
    "_meta": {
        "hash": {
            "sha256": "869411f3a7bbf93a600fd50a0f20cfb61761695adfed27f0e63bdf3354bf301b"
        },
        "pipfile-spec": 6,
        "requires": {
            "python_version": "3.6"
        },
        "sources": [
            {
                "name": "pypi",
                "url": "https://pypi.python.org/simple",
                "verify_ssl": true
            }
        ]
    },
    "default": {
        "92768c6": {
            "path": ".\\..\\otcustomizers"
        },
        "attrs": {
            "hashes": [
                "sha256:1c7960ccfd6a005cd9f7ba884e6316b5e430a3f1a6c37c5f87d8b43f83b54ec9",
                "sha256:a17a9573a6f475c99b551c0e0a812707ddda1ec9653bed04c13841404ed6f450"
            ],
            "version": "==17.4.0"
        },
        "beautifulsoup4": {
            "hashes": [
                "sha256:35815098d9d0bf5d3a782346a3945b000592d0e93e2538a502d0d6807130d675",
                "sha256:3c9474036afda9136aac6463def733f81017bf9ef3510d25634f335b0c87f5e1",
                "sha256:bb3dba571c2f7ddcaf3e70ad8b67878a85ac41889dcba75a30b8f7b0b5960b6d"
            ],
            "index": "pypi",
            "version": "==4.5.1"
        },
        "certifi": {
            "hashes": [
                "sha256:13e698f54293db9f89122b0581843a782ad0934a4fe0172d2a980ba77fc61bb7",
                "sha256:9fa520c1bacfb634fa7af20a76bcbd3d5fb390481724c597da32c719a7dca4b0"
            ],
            "version": "==2018.4.16"
        },
        "chardet": {
            "hashes": [
                "sha256:84ab92ed1c4d4f16916e05906b6b75a6c0fb5db821cc65e70cbd64a3e2a5eaae",
                "sha256:fc323ffcaeaed0e0a02bf4d117757b98aed530d9ed4531e3e15460124c106691"
            ],
            "version": "==3.0.4"
        },
        "colorama": {
            "hashes": [
                "sha256:463f8483208e921368c9f306094eb6f725c6ca42b0f97e313cb5d5512459feda",
                "sha256:48eb22f4f8461b1df5734a074b57042430fb06e1d61bd1e11b078c0fe6d7a1f1"
            ],
            "markers": "sys_platform == 'win32'",
            "version": "==0.3.9"
        },
        "dill": {
            "hashes": [
                "sha256:431c9d46e190dcdf1397234cf659d66e2e22e33b0474ed6ee2d0b16c9c0ea319",
                "sha256:e82b3db7b9d962911c9c2d5cf2bb4a04f43933f505a624fb7dc5f68b949f0a5c"
            ],
            "version": "==0.2.5"
        },
        "faker": {
            "hashes": [
                "sha256:226d8fa67a8cf8b4007aab721f67639f130e9cfdc53a7095a2290ebb07a65c71",
                "sha256:48fed4b4a191e2b42ad20c14115f1c6d36d338b80192075d7573f0f42d7fb321"
            ],
            "index": "pypi",
            "version": "==0.8.13"
        },
        "funcsigs": {
            "hashes": [
                "sha256:330cc27ccbf7f1e992e69fef78261dc7c6569012cf397db8d3de0234e6c937ca",
                "sha256:a7bb0f2cf3a3fd1ab2732cb49eba4252c2af4240442415b4abce3b87022a8f50"
            ],
            "markers": "python_version < '3.0'",
            "version": "==1.0.2"
        },
        "idna": {
            "hashes": [
                "sha256:2c6a5de3089009e3da7c5dde64a141dbc8551d5b7f6cf4ed7c2568d0cc520a8f",
                "sha256:8c7309c718f94b3a625cb648ace320157ad16ff131ae0af362c9f21b80ef6ec4"
            ],
            "version": "==2.6"
        },
        "markdown": {
            "hashes": [
                "sha256:9ba587db9daee7ec761cfc656272be6aabe2ed300fece21208e4aab2e457bc8f",
                "sha256:a856869c7ff079ad84a3e19cd87a64998350c2b94e9e08e44270faef33400f81"
            ],
            "index": "pypi",
            "version": "==2.6.11"
        },
        "more-itertools": {
            "hashes": [
                "sha256:0dd8f72eeab0d2c3bd489025bb2f6a1b8342f9b198f6fc37b52d15cfa4531fea",
                "sha256:11a625025954c20145b37ff6309cd54e39ca94f72f6bb9576d1195db6fa2442e",
                "sha256:c9ce7eccdcb901a2c75d326ea134e0886abfbea5f93e91cc95de9507c0816c44"
            ],
            "version": "==4.1.0"
        },
        "opentrons": {
            "hashes": [
                "sha256:8b13d07bff9578035962508a0b15c85f2be2b06e190e2a868c1e7ec79dde6a92"
            ],
            "index": "pypi",
            "version": "==2.5.2"
        },
        "pluggy": {
            "hashes": [
                "sha256:7f8ae7f5bdf75671a718d2daf0a64b7885f74510bcd98b1a0bb420eb9a9d0cff",
                "sha256:d345c8fe681115900d6da8d048ba67c25df42973bda370783cd58826442dcd7c",
                "sha256:e160a7fcf25762bb60efc7e171d4497ff1d8d2d75a3d0df7a21b76821ecbf5c5"
            ],
            "version": "==0.6.0"
        },
        "py": {
            "hashes": [
                "sha256:29c9fab495d7528e80ba1e343b958684f4ace687327e6f789a94bf3d1915f881",
                "sha256:983f77f3331356039fdd792e9220b7b8ee1aa6bd2b25f567a963ff1de5a64f6a"
            ],
            "version": "==1.5.3"
        },
        "pyreadline": {
            "hashes": [
                "sha256:4530592fc2e85b25b1a9f79664433da09237c1a270e4d78ea5aa3a2c7229e2d1",
                "sha256:65540c21bfe14405a3a77e4c085ecfce88724743a4ead47c66b84defcf82c32e",
                "sha256:9ce5fa65b8992dfa373bddc5b6e0864ead8f291c94fbfec05fbd5c836162e67b"
            ],
            "version": "==2.1"
        },
        "pyserial": {
            "hashes": [
                "sha256:1eecfe4022240f2eab5af8d414f0504e072ee68377ba63d3b6fe6e66c26f66d1",
                "sha256:b05fa0d2f5cc5a9584bed5d695441f6dba127c5b593dfa6e671a0db2de0d959a"
            ],
            "version": "==3.2.1"
        },
        "pytest": {
            "hashes": [
                "sha256:6266f87ab64692112e5477eba395cfedda53b1933ccd29478e671e73b420c19c",
                "sha256:fae491d1874f199537fd5872b5e1f0e74a009b979df9d53d1553fd03da1703e1"
            ],
            "index": "pypi",
            "version": "==3.5.0"
        },
        "python-dateutil": {
            "hashes": [
                "sha256:3220490fb9741e2342e1cf29a503394fdac874bc39568288717ee67047ff29df",
                "sha256:9d8074be4c993fbe4947878ce593052f71dac82932a677d49194d8ce9778002e"
            ],
            "version": "==2.7.2"
        },
        "python-slugify": {
            "hashes": [
                "sha256:501182ec738cc8b743ae5c76c183f4427187ef016257f062b3fa594f60916e34"
            ],
            "index": "pypi",
            "version": "==1.2.1"
        },
        "requests": {
            "hashes": [
                "sha256:3b39cde35be51762885631cf586f4dc2284951b44d479a4454020758d767cc2f",
                "sha256:a274abba399a23e8713ffd2b5706535ae280ebe2b8069ee6a941cb089440d153"
            ],
            "version": "==2.14.2"
        },
        "six": {
            "hashes": [
                "sha256:70e8a77beed4562e7f14fe23a786b54f6296e34344c23bc42f07b15018ff98e9",
                "sha256:832dc0e10feb1aa2c68dcc57dbb658f1c7e65b9b61af69048abc87a2db00a0eb"
            ],
            "version": "==1.11.0"
        },
        "text-unidecode": {
            "hashes": [
                "sha256:5a1375bb2ba7968740508ae38d92e1f889a0832913cb1c447d5e2046061a396d",
                "sha256:801e38bd550b943563660a91de8d4b6fa5df60a542be9093f7abf819f86050cc"
            ],
            "version": "==1.2"
        },
        "unidecode": {
            "hashes": [
                "sha256:72f49d3729f3d8f5799f710b97c1451c5163102e76d64d20e170aedbbd923582",
                "sha256:8c33dd588e0c9bc22a76eaa0c715a5434851f726131bd44a6c26471746efabf5"
            ],
            "version": "==1.0.22"
        },
        "urllib3": {
            "hashes": [
                "sha256:06330f386d6e4b195fbfc736b297f58c5a892e4440e54d294d7004e3a9bbea1b",
                "sha256:cc44da8e1145637334317feebd728bd869a35285b93cbb4cca2577da7e62db4f"
            ],
            "version": "==1.22"
        }
    },
    "develop": {}
}
